
Microsoft Visual Studio Solution File, Format Version 12.00
# Visual Studio Version 17
VisualStudioVersion = 17.7.34221.43
MinimumVisualStudioVersion = 10.0.40219.1
Project("{FAE04EC0-301F-11D3-BF4B-00C04F79EFBC}") = "Ogrenci_Not_Sistemi", "Ogrenci_Not_Sistemi\Ogrenci_Not_Sistemi.csproj", "{4F84B5AD-D7A5-4AF5-BD41-E4ACBE1593AB}"
EndProject
Global
	GlobalSection(SolutionConfigurationPlatforms) = preSolution
		Debug|Any CPU = Debug|Any CPU
		Release|Any CPU = Release|Any CPU
	EndGlobalSection
	GlobalSection(ProjectConfigurationPlatforms) = postSolution
		{4F84B5AD-D7A5-4AF5-BD41-E4ACBE1593AB}.Debug|Any CPU.ActiveCfg = Debug|Any CPU
		{4F84B5AD-D7A5-4AF5-BD41-E4ACBE1593AB}.Debug|Any CPU.Build.0 = Debug|Any CPU
		{4F84B5AD-D7A5-4AF5-BD41-E4ACBE1593AB}.Release|Any CPU.ActiveCfg = Release|Any CPU
		{4F84B5AD-D7A5-4AF5-BD41-E4ACBE1593AB}.Release|Any CPU.Build.0 = Release|Any CPU
	EndGlobalSection
	GlobalSection(SolutionProperties) = preSolution
		HideSolutionNode = FALSE
	EndGlobalSection
	GlobalSection(ExtensibilityGlobals) = postSolution
		SolutionGuid = {3EA47700-BB3E-4CF1-B378-62B09F85BE01}
	EndGlobalSection
EndGlobal
